
Microsoft Visual Studio Solution File, Format Version 10.00
# Visual Studio 2008
Project("{8BC9CEB8-8B4A-11D0-8D11-00A0C91BC942}") = "secure-passphrase-generator", "secure-passphrase-generator.vcproj", "{629A65DF-AC6B-4075-9BB8-CBD440945F5D}"
EndProject
Global
	GlobalSection(SolutionConfigurationPlatforms) = preSolution
		Debug|Win32 = Debug|Win32
		Release|Win32 = Release|Win32
	EndGlobalSection
	GlobalSection(ProjectConfigurationPlatforms) = postSolution
		{629A65DF-AC6B-4075-9BB8-CBD440945F5D}.Debug|Win32.ActiveCfg = Debug|Win32
		{629A65DF-AC6B-4075-9BB8-CBD440945F5D}.Debug|Win32.Build.0 = Debug|Win32
		{629A65DF-AC6B-4075-9BB8-CBD440945F5D}.Release|Win32.ActiveCfg = Release|Win32
		{629A65DF-AC6B-4075-9BB8-CBD440945F5D}.Release|Win32.Build.0 = Release|Win32
	EndGlobalSection
	GlobalSection(SolutionProperties) = preSolution
		HideSolutionNode = FALSE
	EndGlobalSection
EndGlobal
